// !$*UTF8*$!
{
	archiveVersion = 1;
	classes = {
	};
	objectVersion = 50;
	objects = {

/* Begin PBXBuildFile section */
		438B1F542364C563005BC3E7 /* NotificationManager.swift in Sources */ = {isa = PBXBuildFile; fileRef = 438B1F532364C563005BC3E7 /* NotificationManager.swift */; };
		9B0D5356235C4DFB0009A7DD /* JellyPathClosed.plist in Resources */ = {isa = PBXBuildFile; fileRef = 9B0D5355235C4BB20009A7DD /* JellyPathClosed.plist */; };
		9B0D5358235C51FF0009A7DD /* Extentions.swift in Sources */ = {isa = PBXBuildFile; fileRef = 9B0D5357235C51FF0009A7DD /* Extentions.swift */; };
		9B29EA0A235C36D4000C5DC7 /* JellyPath.plist in Resources */ = {isa = PBXBuildFile; fileRef = 9B29EA09235C34EC000C5DC7 /* JellyPath.plist */; };
		9B6E515B23663F8E009D1BAF /* TipTableViewCell.swift in Sources */ = {isa = PBXBuildFile; fileRef = 9B6E515A23663F8E009D1BAF /* TipTableViewCell.swift */; };
		9E4E237823645676006DD3C3 /* ProgressViewController.swift in Sources */ = {isa = PBXBuildFile; fileRef = 9E4E237723645676006DD3C3 /* ProgressViewController.swift */; };
		9E4E237A23645872006DD3C3 /* ItemCollectionViewCell.swift in Sources */ = {isa = PBXBuildFile; fileRef = 9E4E237923645872006DD3C3 /* ItemCollectionViewCell.swift */; };
		9EF30C35235C484100A36D2A /* OnboardingViewController.swift in Sources */ = {isa = PBXBuildFile; fileRef = 9EF30C34235C484100A36D2A /* OnboardingViewController.swift */; };
		9EF30C3F235C676F00A36D2A /* StatsViewController.swift in Sources */ = {isa = PBXBuildFile; fileRef = 9EF30C3E235C676F00A36D2A /* StatsViewController.swift */; };
		CD0BE203235C5AD9007B5116 /* JelliesLocation.plist in Resources */ = {isa = PBXBuildFile; fileRef = CD0BE202235C5AD9007B5116 /* JelliesLocation.plist */; };
		CD7870DC235B354500338FD1 /* AppDelegate.swift in Sources */ = {isa = PBXBuildFile; fileRef = CD7870DB235B354500338FD1 /* AppDelegate.swift */; };
		CD7870DE235B354500338FD1 /* SceneDelegate.swift in Sources */ = {isa = PBXBuildFile; fileRef = CD7870DD235B354500338FD1 /* SceneDelegate.swift */; };
		CD7870E3235B354500338FD1 /* Main.storyboard in Resources */ = {isa = PBXBuildFile; fileRef = CD7870E1235B354500338FD1 /* Main.storyboard */; };
		CD7870E5235B354600338FD1 /* Assets.xcassets in Resources */ = {isa = PBXBuildFile; fileRef = CD7870E4235B354600338FD1 /* Assets.xcassets */; };
		CD7870E8235B354600338FD1 /* LaunchScreen.storyboard in Resources */ = {isa = PBXBuildFile; fileRef = CD7870E6235B354600338FD1 /* LaunchScreen.storyboard */; };
		CD7870F2235B393500338FD1 /* Stats.storyboard in Resources */ = {isa = PBXBuildFile; fileRef = CD7870F1235B393500338FD1 /* Stats.storyboard */; };
		CD7870F4235B393B00338FD1 /* Progress.storyboard in Resources */ = {isa = PBXBuildFile; fileRef = CD7870F3235B393B00338FD1 /* Progress.storyboard */; };
		CDF10040235B3CD300FC54C0 /* Map.storyboard in Resources */ = {isa = PBXBuildFile; fileRef = CDF1003F235B3CD300FC54C0 /* Map.storyboard */; };
		CDF10044235B3FBF00FC54C0 /* MapViewController.swift in Sources */ = {isa = PBXBuildFile; fileRef = CDF10043235B3FBF00FC54C0 /* MapViewController.swift */; };
		CDF10047235B4F8300FC54C0 /* Utils.swift in Sources */ = {isa = PBXBuildFile; fileRef = CDF10046235B4F8300FC54C0 /* Utils.swift */; };
		CDF1004E235B586D00FC54C0 /* MapArea.swift in Sources */ = {isa = PBXBuildFile; fileRef = CDF1004D235B586D00FC54C0 /* MapArea.swift */; };
		CDF10050235B5AEA00FC54C0 /* PacificOcean.plist in Resources */ = {isa = PBXBuildFile; fileRef = CDF1004F235B5AEA00FC54C0 /* PacificOcean.plist */; };
		CDF10052235B5C0500FC54C0 /* MapOverlay.swift in Sources */ = {isa = PBXBuildFile; fileRef = CDF10051235B5C0500FC54C0 /* MapOverlay.swift */; };
		CDF10054235B5C5800FC54C0 /* MapAreaOverlayView.swift in Sources */ = {isa = PBXBuildFile; fileRef = CDF10053235B5C5800FC54C0 /* MapAreaOverlayView.swift */; };
		CDF10057235B8A8700FC54C0 /* JellyfishAnnotationView.swift in Sources */ = {isa = PBXBuildFile; fileRef = CDF10056235B8A8700FC54C0 /* JellyfishAnnotationView.swift */; };
		CDF10059235B8C0B00FC54C0 /* JellyfishAnnotation.swift in Sources */ = {isa = PBXBuildFile; fileRef = CDF10058235B8C0B00FC54C0 /* JellyfishAnnotation.swift */; };
		CDF6FD702366048200699990 /* OnpoardingPageViewController.swift in Sources */ = {isa = PBXBuildFile; fileRef = CDF6FD6F2366048200699990 /* OnpoardingPageViewController.swift */; };
/* End PBXBuildFile section */

/* Begin PBXFileReference section */
		438B1F532364C563005BC3E7 /* NotificationManager.swift */ = {isa = PBXFileReference; lastKnownFileType = sourcecode.swift; path = NotificationManager.swift; sourceTree = "<group>"; };
		9B0D5355235C4BB20009A7DD /* JellyPathClosed.plist */ = {isa = PBXFileReference; lastKnownFileType = text.plist.xml; path = JellyPathClosed.plist; sourceTree = "<group>"; };
		9B0D5357235C51FF0009A7DD /* Extentions.swift */ = {isa = PBXFileReference; fileEncoding = 4; lastKnownFileType = sourcecode.swift; path = Extentions.swift; sourceTree = "<group>"; };
		9B29EA09235C34EC000C5DC7 /* JellyPath.plist */ = {isa = PBXFileReference; lastKnownFileType = text.plist.xml; path = JellyPath.plist; sourceTree = "<group>"; };
		9B6E515A23663F8E009D1BAF /* TipTableViewCell.swift */ = {isa = PBXFileReference; lastKnownFileType = sourcecode.swift; path = TipTableViewCell.swift; sourceTree = "<group>"; };
		9E4E237723645676006DD3C3 /* ProgressViewController.swift */ = {isa = PBXFileReference; lastKnownFileType = sourcecode.swift; path = ProgressViewController.swift; sourceTree = "<group>"; };
		9E4E237923645872006DD3C3 /* ItemCollectionViewCell.swift */ = {isa = PBXFileReference; lastKnownFileType = sourcecode.swift; path = ItemCollectionViewCell.swift; sourceTree = "<group>"; };
		9EF30C34235C484100A36D2A /* OnboardingViewController.swift */ = {isa = PBXFileReference; fileEncoding = 4; lastKnownFileType = sourcecode.swift; path = OnboardingViewController.swift; sourceTree = "<group>"; };
		9EF30C3E235C676F00A36D2A /* StatsViewController.swift */ = {isa = PBXFileReference; lastKnownFileType = sourcecode.swift; path = StatsViewController.swift; sourceTree = "<group>"; };
		CD0BE202235C5AD9007B5116 /* JelliesLocation.plist */ = {isa = PBXFileReference; fileEncoding = 4; lastKnownFileType = text.plist.xml; path = JelliesLocation.plist; sourceTree = "<group>"; };
		CD7870D8235B354500338FD1 /* SeaHerd.app */ = {isa = PBXFileReference; explicitFileType = wrapper.application; includeInIndex = 0; path = SeaHerd.app; sourceTree = BUILT_PRODUCTS_DIR; };
		CD7870DB235B354500338FD1 /* AppDelegate.swift */ = {isa = PBXFileReference; lastKnownFileType = sourcecode.swift; path = AppDelegate.swift; sourceTree = "<group>"; };
		CD7870DD235B354500338FD1 /* SceneDelegate.swift */ = {isa = PBXFileReference; lastKnownFileType = sourcecode.swift; path = SceneDelegate.swift; sourceTree = "<group>"; };
		CD7870E2235B354500338FD1 /* Base */ = {isa = PBXFileReference; lastKnownFileType = file.storyboard; name = Base; path = Base.lproj/Main.storyboard; sourceTree = "<group>"; };
		CD7870E4235B354600338FD1 /* Assets.xcassets */ = {isa = PBXFileReference; lastKnownFileType = folder.assetcatalog; path = Assets.xcassets; sourceTree = "<group>"; };
		CD7870E7235B354600338FD1 /* Base */ = {isa = PBXFileReference; lastKnownFileType = file.storyboard; name = Base; path = Base.lproj/LaunchScreen.storyboard; sourceTree = "<group>"; };
		CD7870E9235B354600338FD1 /* Info.plist */ = {isa = PBXFileReference; lastKnownFileType = text.plist.xml; path = Info.plist; sourceTree = "<group>"; };
		CD7870F1235B393500338FD1 /* Stats.storyboard */ = {isa = PBXFileReference; lastKnownFileType = file.storyboard; path = Stats.storyboard; sourceTree = "<group>"; };
		CD7870F3235B393B00338FD1 /* Progress.storyboard */ = {isa = PBXFileReference; lastKnownFileType = file.storyboard; path = Progress.storyboard; sourceTree = "<group>"; };
		CDF1003F235B3CD300FC54C0 /* Map.storyboard */ = {isa = PBXFileReference; lastKnownFileType = file.storyboard; path = Map.storyboard; sourceTree = "<group>"; };
		CDF10043235B3FBF00FC54C0 /* MapViewController.swift */ = {isa = PBXFileReference; lastKnownFileType = sourcecode.swift; path = MapViewController.swift; sourceTree = "<group>"; };
		CDF10046235B4F8300FC54C0 /* Utils.swift */ = {isa = PBXFileReference; lastKnownFileType = sourcecode.swift; path = Utils.swift; sourceTree = "<group>"; };
		CDF1004D235B586D00FC54C0 /* MapArea.swift */ = {isa = PBXFileReference; lastKnownFileType = sourcecode.swift; path = MapArea.swift; sourceTree = "<group>"; };
		CDF1004F235B5AEA00FC54C0 /* PacificOcean.plist */ = {isa = PBXFileReference; fileEncoding = 4; lastKnownFileType = text.plist.xml; path = PacificOcean.plist; sourceTree = "<group>"; };
		CDF10051235B5C0500FC54C0 /* MapOverlay.swift */ = {isa = PBXFileReference; lastKnownFileType = sourcecode.swift; path = MapOverlay.swift; sourceTree = "<group>"; };
		CDF10053235B5C5800FC54C0 /* MapAreaOverlayView.swift */ = {isa = PBXFileReference; lastKnownFileType = sourcecode.swift; path = MapAreaOverlayView.swift; sourceTree = "<group>"; };
		CDF10056235B8A8700FC54C0 /* JellyfishAnnotationView.swift */ = {isa = PBXFileReference; lastKnownFileType = sourcecode.swift; path = JellyfishAnnotationView.swift; sourceTree = "<group>"; };
		CDF10058235B8C0B00FC54C0 /* JellyfishAnnotation.swift */ = {isa = PBXFileReference; lastKnownFileType = sourcecode.swift; path = JellyfishAnnotation.swift; sourceTree = "<group>"; };
		CDF6FD6F2366048200699990 /* OnpoardingPageViewController.swift */ = {isa = PBXFileReference; lastKnownFileType = sourcecode.swift; path = OnpoardingPageViewController.swift; sourceTree = "<group>"; };
/* End PBXFileReference section */

/* Begin PBXFrameworksBuildPhase section */
		CD7870D5235B354500338FD1 /* Frameworks */ = {
			isa = PBXFrameworksBuildPhase;
			buildActionMask = 2147483647;
			files = (
			);
			runOnlyForDeploymentPostprocessing = 0;
		};
/* End PBXFrameworksBuildPhase section */

/* Begin PBXGroup section */
		CD7870CF235B354500338FD1 = {
			isa = PBXGroup;
			children = (
				CD7870DA235B354500338FD1 /* SeaHerd */,
				CD7870D9235B354500338FD1 /* Products */,
			);
			sourceTree = "<group>";
		};
		CD7870D9235B354500338FD1 /* Products */ = {
			isa = PBXGroup;
			children = (
				CD7870D8235B354500338FD1 /* SeaHerd.app */,
			);
			name = Products;
			sourceTree = "<group>";
		};
		CD7870DA235B354500338FD1 /* SeaHerd */ = {
			isa = PBXGroup;
			children = (
				CDF10055235B78AD00FC54C0 /* Custom Components */,
				CDF1004C235B584C00FC54C0 /* Models */,
				CDF10049235B572600FC54C0 /* Paths */,
				CDF10042235B3F6A00FC54C0 /* Storyboards */,
				CDF10041235B3F6400FC54C0 /* Controllers */,
				CD7870DB235B354500338FD1 /* AppDelegate.swift */,
				CD7870DD235B354500338FD1 /* SceneDelegate.swift */,
				CD7870E4235B354600338FD1 /* Assets.xcassets */,
				CD7870E9235B354600338FD1 /* Info.plist */,
			);
			path = SeaHerd;
			sourceTree = "<group>";
		};
		CDF10041235B3F6400FC54C0 /* Controllers */ = {
			isa = PBXGroup;
			children = (
				9EF30C34235C484100A36D2A /* OnboardingViewController.swift */,
				CDF10043235B3FBF00FC54C0 /* MapViewController.swift */,
				9EF30C3E235C676F00A36D2A /* StatsViewController.swift */,
				9E4E237723645676006DD3C3 /* ProgressViewController.swift */,
				CDF6FD6F2366048200699990 /* OnpoardingPageViewController.swift */,
			);
			path = Controllers;
			sourceTree = "<group>";
		};
		CDF10042235B3F6A00FC54C0 /* Storyboards */ = {
			isa = PBXGroup;
			children = (
				CD7870E1235B354500338FD1 /* Main.storyboard */,
				CD7870F1235B393500338FD1 /* Stats.storyboard */,
				CDF1003F235B3CD300FC54C0 /* Map.storyboard */,
				CD7870F3235B393B00338FD1 /* Progress.storyboard */,
				CD7870E6235B354600338FD1 /* LaunchScreen.storyboard */,
			);
			path = Storyboards;
			sourceTree = "<group>";
		};
		CDF10049235B572600FC54C0 /* Paths */ = {
			isa = PBXGroup;
			children = (
				CD0BE202235C5AD9007B5116 /* JelliesLocation.plist */,
				CDF1004F235B5AEA00FC54C0 /* PacificOcean.plist */,
				9B29EA09235C34EC000C5DC7 /* JellyPath.plist */,
				9B0D5355235C4BB20009A7DD /* JellyPathClosed.plist */,
			);
			path = Paths;
			sourceTree = "<group>";
		};
		CDF1004C235B584C00FC54C0 /* Models */ = {
			isa = PBXGroup;
			children = (
				CDF1004D235B586D00FC54C0 /* MapArea.swift */,
				9E4E237923645872006DD3C3 /* ItemCollectionViewCell.swift */,
				9B6E515A23663F8E009D1BAF /* TipTableViewCell.swift */,
			);
			path = Models;
			sourceTree = "<group>";
		};
		CDF10055235B78AD00FC54C0 /* Custom Components */ = {
			isa = PBXGroup;
			children = (
				CDF10046235B4F8300FC54C0 /* Utils.swift */,
				9B0D5357235C51FF0009A7DD /* Extentions.swift */,
				CDF10053235B5C5800FC54C0 /* MapAreaOverlayView.swift */,
				CDF10051235B5C0500FC54C0 /* MapOverlay.swift */,
				CDF10056235B8A8700FC54C0 /* JellyfishAnnotationView.swift */,
				CDF10058235B8C0B00FC54C0 /* JellyfishAnnotation.swift */,
				438B1F532364C563005BC3E7 /* NotificationManager.swift */,
			);
			path = "Custom Components";
			sourceTree = "<group>";
		};
/* End PBXGroup section */

/* Begin PBXNativeTarget section */
		CD7870D7235B354500338FD1 /* SeaHerd */ = {
			isa = PBXNativeTarget;
			buildConfigurationList = CD7870EC235B354600338FD1 /* Build configuration list for PBXNativeTarget "SeaHerd" */;
			buildPhases = (
				CD7870D4235B354500338FD1 /* Sources */,
				CD7870D5235B354500338FD1 /* Frameworks */,
				CD7870D6235B354500338FD1 /* Resources */,
			);
			buildRules = (
			);
			dependencies = (
			);
			name = SeaHerd;
			productName = SeaHerd;
			productReference = CD7870D8235B354500338FD1 /* SeaHerd.app */;
			productType = "com.apple.product-type.application";
		};
/* End PBXNativeTarget section */

/* Begin PBXProject section */
		CD7870D0235B354500338FD1 /* Project object */ = {
			isa = PBXProject;
			attributes = {
				LastSwiftUpdateCheck = 1110;
				LastUpgradeCheck = 1110;
				ORGANIZATIONNAME = spaceapp;
				TargetAttributes = {
					CD7870D7235B354500338FD1 = {
						CreatedOnToolsVersion = 11.1;
					};
				};
			};
			buildConfigurationList = CD7870D3235B354500338FD1 /* Build configuration list for PBXProject "SeaHerd" */;
			compatibilityVersion = "Xcode 9.3";
			developmentRegion = en;
			hasScannedForEncodings = 0;
			knownRegions = (
				en,
				Base,
			);
			mainGroup = CD7870CF235B354500338FD1;
			productRefGroup = CD7870D9235B354500338FD1 /* Products */;
			projectDirPath = "";
			projectRoot = "";
			targets = (
				CD7870D7235B354500338FD1 /* SeaHerd */,
			);
		};
/* End PBXProject section */

/* Begin PBXResourcesBuildPhase section */
		CD7870D6235B354500338FD1 /* Resources */ = {
			isa = PBXResourcesBuildPhase;
			buildActionMask = 2147483647;
			files = (
				9B0D5356235C4DFB0009A7DD /* JellyPathClosed.plist in Resources */,
				9B29EA0A235C36D4000C5DC7 /* JellyPath.plist in Resources */,
				CDF10050235B5AEA00FC54C0 /* PacificOcean.plist in Resources */,
				CD7870E8235B354600338FD1 /* LaunchScreen.storyboard in Resources */,
				CD7870E5235B354600338FD1 /* Assets.xcassets in Resources */,
				CD7870F2235B393500338FD1 /* Stats.storyboard in Resources */,
				CD0BE203235C5AD9007B5116 /* JelliesLocation.plist in Resources */,
				CD7870F4235B393B00338FD1 /* Progress.storyboard in Resources */,
				CD7870E3235B354500338FD1 /* Main.storyboard in Resources */,
				CDF10040235B3CD300FC54C0 /* Map.storyboard in Resources */,
			);
			runOnlyForDeploymentPostprocessing = 0;
		};
/* End PBXResourcesBuildPhase section */

/* Begin PBXSourcesBuildPhase section */
		CD7870D4235B354500338FD1 /* Sources */ = {
			isa = PBXSourcesBuildPhase;
			buildActionMask = 2147483647;
			files = (
				CDF10057235B8A8700FC54C0 /* JellyfishAnnotationView.swift in Sources */,
				CDF10047235B4F8300FC54C0 /* Utils.swift in Sources */,
				CDF6FD702366048200699990 /* OnpoardingPageViewController.swift in Sources */,
				CD7870DC235B354500338FD1 /* AppDelegate.swift in Sources */,
				9B0D5358235C51FF0009A7DD /* Extentions.swift in Sources */,
				9E4E237823645676006DD3C3 /* ProgressViewController.swift in Sources */,
				9B6E515B23663F8E009D1BAF /* TipTableViewCell.swift in Sources */,
				CD7870DE235B354500338FD1 /* SceneDelegate.swift in Sources */,
				438B1F542364C563005BC3E7 /* NotificationManager.swift in Sources */,
				CDF1004E235B586D00FC54C0 /* MapArea.swift in Sources */,
				CDF10052235B5C0500FC54C0 /* MapOverlay.swift in Sources */,
				CDF10059235B8C0B00FC54C0 /* JellyfishAnnotation.swift in Sources */,
				CDF10044235B3FBF00FC54C0 /* MapViewController.swift in Sources */,
				9EF30C35235C484100A36D2A /* OnboardingViewController.swift in Sources */,
				9EF30C3F235C676F00A36D2A /* StatsViewController.swift in Sources */,
				CDF10054235B5C5800FC54C0 /* MapAreaOverlayView.swift in Sources */,
				9E4E237A23645872006DD3C3 /* ItemCollectionViewCell.swift in Sources */,
			);
			runOnlyForDeploymentPostprocessing = 0;
		};
/* End PBXSourcesBuildPhase section */

/* Begin PBXVariantGroup section */
		CD7870E1235B354500338FD1 /* Main.storyboard */ = {
			isa = PBXVariantGroup;
			children = (
				CD7870E2235B354500338FD1 /* Base */,
			);
			name = Main.storyboard;
			sourceTree = "<group>";
		};
		CD7870E6235B354600338FD1 /* LaunchScreen.storyboard */ = {
			isa = PBXVariantGroup;
			children = (
				CD7870E7235B354600338FD1 /* Base */,
			);
			name = LaunchScreen.storyboard;
			sourceTree = "<group>";
		};
/* End PBXVariantGroup section */

/* Begin XCBuildConfiguration section */
		CD7870EA235B354600338FD1 /* Debug */ = {
			isa = XCBuildConfiguration;
			buildSettings = {
				ALWAYS_SEARCH_USER_PATHS = NO;
				CLANG_ANALYZER_NONNULL = YES;
				CLANG_ANALYZER_NUMBER_OBJECT_CONVERSION = YES_AGGRESSIVE;
				CLANG_CXX_LANGUAGE_STANDARD = "gnu++14";
				CLANG_CXX_LIBRARY = "libc++";
				CLANG_ENABLE_MODULES = YES;
				CLANG_ENABLE_OBJC_ARC = YES;
				CLANG_ENABLE_OBJC_WEAK = YES;
				CLANG_WARN_BLOCK_CAPTURE_AUTORELEASING = YES;
				CLANG_WARN_BOOL_CONVERSION = YES;
				CLANG_WARN_COMMA = YES;
				CLANG_WARN_CONSTANT_CONVERSION = YES;
				CLANG_WARN_DEPRECATED_OBJC_IMPLEMENTATIONS = YES;
				CLANG_WARN_DIRECT_OBJC_ISA_USAGE = YES_ERROR;
				CLANG_WARN_DOCUMENTATION_COMMENTS = YES;
				CLANG_WARN_EMPTY_BODY = YES;
				CLANG_WARN_ENUM_CONVERSION = YES;
				CLANG_WARN_INFINITE_RECURSION = YES;
				CLANG_WARN_INT_CONVERSION = YES;
				CLANG_WARN_NON_LITERAL_NULL_CONVERSION = YES;
				CLANG_WARN_OBJC_IMPLICIT_RETAIN_SELF = YES;
				CLANG_WARN_OBJC_LITERAL_CONVERSION = YES;
				CLANG_WARN_OBJC_ROOT_CLASS = YES_ERROR;
				CLANG_WARN_RANGE_LOOP_ANALYSIS = YES;
				CLANG_WARN_STRICT_PROTOTYPES = YES;
				CLANG_WARN_SUSPICIOUS_MOVE = YES;
				CLANG_WARN_UNGUARDED_AVAILABILITY = YES_AGGRESSIVE;
				CLANG_WARN_UNREACHABLE_CODE = YES;
				CLANG_WARN__DUPLICATE_METHOD_MATCH = YES;
				COPY_PHASE_STRIP = NO;
				DEBUG_INFORMATION_FORMAT = dwarf;
				ENABLE_STRICT_OBJC_MSGSEND = YES;
				ENABLE_TESTABILITY = YES;
				GCC_C_LANGUAGE_STANDARD = gnu11;
				GCC_DYNAMIC_NO_PIC = NO;
				GCC_NO_COMMON_BLOCKS = YES;
				GCC_OPTIMIZATION_LEVEL = 0;
				GCC_PREPROCESSOR_DEFINITIONS = (
					"DEBUG=1",
					"$(inherited)",
				);
				GCC_WARN_64_TO_32_BIT_CONVERSION = YES;
				GCC_WARN_ABOUT_RETURN_TYPE = YES_ERROR;
				GCC_WARN_UNDECLARED_SELECTOR = YES;
				GCC_WARN_UNINITIALIZED_AUTOS = YES_AGGRESSIVE;
				GCC_WARN_UNUSED_FUNCTION = YES;
				GCC_WARN_UNUSED_VARIABLE = YES;
				IPHONEOS_DEPLOYMENT_TARGET = 13.1;
				MTL_ENABLE_DEBUG_INFO = INCLUDE_SOURCE;
				MTL_FAST_MATH = YES;
				ONLY_ACTIVE_ARCH = YES;
				SDKROOT = iphoneos;
				SWIFT_ACTIVE_COMPILATION_CONDITIONS = DEBUG;
				SWIFT_OPTIMIZATION_LEVEL = "-Onone";
			};
			name = Debug;
		};
		CD7870EB235B354600338FD1 /* Release */ = {
			isa = XCBuildConfiguration;
			buildSettings = {
				ALWAYS_SEARCH_USER_PATHS = NO;
				CLANG_ANALYZER_NONNULL = YES;
				CLANG_ANALYZER_NUMBER_OBJECT_CONVERSION = YES_AGGRESSIVE;
				CLANG_CXX_LANGUAGE_STANDARD = "gnu++14";
				CLANG_CXX_LIBRARY = "libc++";
				CLANG_ENABLE_MODULES = YES;
				CLANG_ENABLE_OBJC_ARC = YES;
				CLANG_ENABLE_OBJC_WEAK = YES;
				CLANG_WARN_BLOCK_CAPTURE_AUTORELEASING = YES;
				CLANG_WARN_BOOL_CONVERSION = YES;
				CLANG_WARN_COMMA = YES;
				CLANG_WARN_CONSTANT_CONVERSION = YES;
				CLANG_WARN_DEPRECATED_OBJC_IMPLEMENTATIONS = YES;
				CLANG_WARN_DIRECT_OBJC_ISA_USAGE = YES_ERROR;
				CLANG_WARN_DOCUMENTATION_COMMENTS = YES;
				CLANG_WARN_EMPTY_BODY = YES;
				CLANG_WARN_ENUM_CONVERSION = YES;
				CLANG_WARN_INFINITE_RECURSION = YES;
				CLANG_WARN_INT_CONVERSION = YES;
				CLANG_WARN_NON_LITERAL_NULL_CONVERSION = YES;
				CLANG_WARN_OBJC_IMPLICIT_RETAIN_SELF = YES;
				CLANG_WARN_OBJC_LITERAL_CONVERSION = YES;
				CLANG_WARN_OBJC_ROOT_CLASS = YES_ERROR;
				CLANG_WARN_RANGE_LOOP_ANALYSIS = YES;
				CLANG_WARN_STRICT_PROTOTYPES = YES;
				CLANG_WARN_SUSPICIOUS_MOVE = YES;
				CLANG_WARN_UNGUARDED_AVAILABILITY = YES_AGGRESSIVE;
				CLANG_WARN_UNREACHABLE_CODE = YES;
				CLANG_WARN__DUPLICATE_METHOD_MATCH = YES;
				COPY_PHASE_STRIP = NO;
				DEBUG_INFORMATION_FORMAT = "dwarf-with-dsym";
				ENABLE_NS_ASSERTIONS = NO;
				ENABLE_STRICT_OBJC_MSGSEND = YES;
				GCC_C_LANGUAGE_STANDARD = gnu11;
				GCC_NO_COMMON_BLOCKS = YES;
				GCC_WARN_64_TO_32_BIT_CONVERSION = YES;
				GCC_WARN_ABOUT_RETURN_TYPE = YES_ERROR;
				GCC_WARN_UNDECLARED_SELECTOR = YES;
				GCC_WARN_UNINITIALIZED_AUTOS = YES_AGGRESSIVE;
				GCC_WARN_UNUSED_FUNCTION = YES;
				GCC_WARN_UNUSED_VARIABLE = YES;
				IPHONEOS_DEPLOYMENT_TARGET = 13.1;
				MTL_ENABLE_DEBUG_INFO = NO;
				MTL_FAST_MATH = YES;
				SDKROOT = iphoneos;
				SWIFT_COMPILATION_MODE = wholemodule;
				SWIFT_OPTIMIZATION_LEVEL = "-O";
				VALIDATE_PRODUCT = YES;
			};
			name = Release;
		};
		CD7870ED235B354600338FD1 /* Debug */ = {
			isa = XCBuildConfiguration;
			buildSettings = {
				ASSETCATALOG_COMPILER_APPICON_NAME = AppIcon;
				CODE_SIGN_STYLE = Automatic;
				DEVELOPMENT_TEAM = XYYZLQ57W7;
				INFOPLIST_FILE = SeaHerd/Info.plist;
				IPHONEOS_DEPLOYMENT_TARGET = 13.0;
				LD_RUNPATH_SEARCH_PATHS = (
					"$(inherited)",
					"@executable_path/Frameworks",
				);
				PRODUCT_BUNDLE_IDENTIFIER = it.spaceapp.SeaHerd;
				PRODUCT_NAME = "$(TARGET_NAME)";
				SWIFT_VERSION = 5.0;
				TARGETED_DEVICE_FAMILY = "1,2";
			};
			name = Debug;
		};
		CD7870EE235B354600338FD1 /* Release */ = {
			isa = XCBuildConfiguration;
			buildSettings = {
				ASSETCATALOG_COMPILER_APPICON_NAME = AppIcon;
				CODE_SIGN_STYLE = Automatic;
				DEVELOPMENT_TEAM = XYYZLQ57W7;
				INFOPLIST_FILE = SeaHerd/Info.plist;
				IPHONEOS_DEPLOYMENT_TARGET = 13.0;
				LD_RUNPATH_SEARCH_PATHS = (
					"$(inherited)",
					"@executable_path/Frameworks",
				);
				PRODUCT_BUNDLE_IDENTIFIER = it.spaceapp.SeaHerd;
				PRODUCT_NAME = "$(TARGET_NAME)";
				SWIFT_VERSION = 5.0;
				TARGETED_DEVICE_FAMILY = "1,2";
			};
			name = Release;
		};
/* End XCBuildConfiguration section */

/* Begin XCConfigurationList section */
		CD7870D3235B354500338FD1 /* Build configuration list for PBXProject "SeaHerd" */ = {
			isa = XCConfigurationList;
			buildConfigurations = (
				CD7870EA235B354600338FD1 /* Debug */,
				CD7870EB235B354600338FD1 /* Release */,
			);
			defaultConfigurationIsVisible = 0;
			defaultConfigurationName = Release;
		};
		CD7870EC235B354600338FD1 /* Build configuration list for PBXNativeTarget "SeaHerd" */ = {
			isa = XCConfigurationList;
			buildConfigurations = (
				CD7870ED235B354600338FD1 /* Debug */,
				CD7870EE235B354600338FD1 /* Release */,
			);
			defaultConfigurationIsVisible = 0;
			defaultConfigurationName = Release;
		};
/* End XCConfigurationList section */
	};
	rootObject = CD7870D0235B354500338FD1 /* Project object */;
}
