// !$*UTF8*$!
{
	archiveVersion = 1;
	classes = {
	};
	objectVersion = 50;
	objects = {

/* Begin PBXBuildFile section */
		9E5DDDD6235B4EEE002E4310 /* OnboardingViewController.swift in Sources */ = {isa = PBXBuildFile; fileRef = 9E5DDDD5235B4EEE002E4310 /* OnboardingViewController.swift */; };
		CD7870DC235B354500338FD1 /* AppDelegate.swift in Sources */ = {isa = PBXBuildFile; fileRef = CD7870DB235B354500338FD1 /* AppDelegate.swift */; };
		CD7870DE235B354500338FD1 /* SceneDelegate.swift in Sources */ = {isa = PBXBuildFile; fileRef = CD7870DD235B354500338FD1 /* SceneDelegate.swift */; };
		CD7870E3235B354500338FD1 /* Main.storyboard in Resources */ = {isa = PBXBuildFile; fileRef = CD7870E1235B354500338FD1 /* Main.storyboard */; };
		CD7870E5235B354600338FD1 /* Assets.xcassets in Resources */ = {isa = PBXBuildFile; fileRef = CD7870E4235B354600338FD1 /* Assets.xcassets */; };
		CD7870E8235B354600338FD1 /* LaunchScreen.storyboard in Resources */ = {isa = PBXBuildFile; fileRef = CD7870E6235B354600338FD1 /* LaunchScreen.storyboard */; };
		CD7870F2235B393500338FD1 /* Stats.storyboard in Resources */ = {isa = PBXBuildFile; fileRef = CD7870F1235B393500338FD1 /* Stats.storyboard */; };
		CD7870F4235B393B00338FD1 /* Progress.storyboard in Resources */ = {isa = PBXBuildFile; fileRef = CD7870F3235B393B00338FD1 /* Progress.storyboard */; };
		CDF10040235B3CD300FC54C0 /* Map.storyboard in Resources */ = {isa = PBXBuildFile; fileRef = CDF1003F235B3CD300FC54C0 /* Map.storyboard */; };
		CDF10044235B3FBF00FC54C0 /* MapViewController.swift in Sources */ = {isa = PBXBuildFile; fileRef = CDF10043235B3FBF00FC54C0 /* MapViewController.swift */; };
		CDF10047235B4F8300FC54C0 /* Utils.swift in Sources */ = {isa = PBXBuildFile; fileRef = CDF10046235B4F8300FC54C0 /* Utils.swift */; };
/* End PBXBuildFile section */

/* Begin PBXFileReference section */
		9E5DDDD5235B4EEE002E4310 /* OnboardingViewController.swift */ = {isa = PBXFileReference; lastKnownFileType = sourcecode.swift; path = OnboardingViewController.swift; sourceTree = "<group>"; };
		CD7870D8235B354500338FD1 /* SeaHerd.app */ = {isa = PBXFileReference; explicitFileType = wrapper.application; includeInIndex = 0; path = SeaHerd.app; sourceTree = BUILT_PRODUCTS_DIR; };
		CD7870DB235B354500338FD1 /* AppDelegate.swift */ = {isa = PBXFileReference; lastKnownFileType = sourcecode.swift; path = AppDelegate.swift; sourceTree = "<group>"; };
		CD7870DD235B354500338FD1 /* SceneDelegate.swift */ = {isa = PBXFileReference; lastKnownFileType = sourcecode.swift; path = SceneDelegate.swift; sourceTree = "<group>"; };
		CD7870E2235B354500338FD1 /* Base */ = {isa = PBXFileReference; lastKnownFileType = file.storyboard; name = Base; path = Base.lproj/Main.storyboard; sourceTree = "<group>"; };
		CD7870E4235B354600338FD1 /* Assets.xcassets */ = {isa = PBXFileReference; lastKnownFileType = folder.assetcatalog; path = Assets.xcassets; sourceTree = "<group>"; };
		CD7870E7235B354600338FD1 /* Base */ = {isa = PBXFileReference; lastKnownFileType = file.storyboard; name = Base; path = Base.lproj/LaunchScreen.storyboard; sourceTree = "<group>"; };
		CD7870E9235B354600338FD1 /* Info.plist */ = {isa = PBXFileReference; lastKnownFileType = text.plist.xml; path = Info.plist; sourceTree = "<group>"; };
		CD7870F1235B393500338FD1 /* Stats.storyboard */ = {isa = PBXFileReference; lastKnownFileType = file.storyboard; path = Stats.storyboard; sourceTree = "<group>"; };
		CD7870F3235B393B00338FD1 /* Progress.storyboard */ = {isa = PBXFileReference; lastKnownFileType = file.storyboard; path = Progress.storyboard; sourceTree = "<group>"; };
		CDF1003F235B3CD300FC54C0 /* Map.storyboard */ = {isa = PBXFileReference; lastKnownFileType = file.storyboard; path = Map.storyboard; sourceTree = "<group>"; };
		CDF10043235B3FBF00FC54C0 /* MapViewController.swift */ = {isa = PBXFileReference; lastKnownFileType = sourcecode.swift; path = MapViewController.swift; sourceTree = "<group>"; };
		CDF10045235B440F00FC54C0 /* jelly_route.gpx */ = {isa = PBXFileReference; lastKnownFileType = text.xml; path = jelly_route.gpx; sourceTree = "<group>"; };
		CDF10046235B4F8300FC54C0 /* Utils.swift */ = {isa = PBXFileReference; lastKnownFileType = sourcecode.swift; path = Utils.swift; sourceTree = "<group>"; };
/* End PBXFileReference section */

/* Begin PBXFrameworksBuildPhase section */
		CD7870D5235B354500338FD1 /* Frameworks */ = {
			isa = PBXFrameworksBuildPhase;
			buildActionMask = 2147483647;
			files = (
			);
			runOnlyForDeploymentPostprocessing = 0;
		};
/* End PBXFrameworksBuildPhase section */

/* Begin PBXGroup section */
		CD7870CF235B354500338FD1 = {
			isa = PBXGroup;
			children = (
				CDF10045235B440F00FC54C0 /* jelly_route.gpx */,
				CD7870DA235B354500338FD1 /* SeaHerd */,
				CD7870D9235B354500338FD1 /* Products */,
			);
			sourceTree = "<group>";
		};
		CD7870D9235B354500338FD1 /* Products */ = {
			isa = PBXGroup;
			children = (
				CD7870D8235B354500338FD1 /* SeaHerd.app */,
			);
			name = Products;
			sourceTree = "<group>";
		};
		CD7870DA235B354500338FD1 /* SeaHerd */ = {
			isa = PBXGroup;
			children = (
				CDF10042235B3F6A00FC54C0 /* Storyboards */,
				CDF10041235B3F6400FC54C0 /* Controllers */,
				CD7870DB235B354500338FD1 /* AppDelegate.swift */,
				CD7870DD235B354500338FD1 /* SceneDelegate.swift */,
				CD7870E4235B354600338FD1 /* Assets.xcassets */,
				CD7870E9235B354600338FD1 /* Info.plist */,
				CDF10046235B4F8300FC54C0 /* Utils.swift */,
			);
			path = SeaHerd;
			sourceTree = "<group>";
		};
		CDF10041235B3F6400FC54C0 /* Controllers */ = {
			isa = PBXGroup;
			children = (
				9E5DDDD5235B4EEE002E4310 /* OnboardingViewController.swift */,
			);
			path = Controllers;
			sourceTree = "<group>";
		};
		CDF10042235B3F6A00FC54C0 /* Storyboards */ = {
			isa = PBXGroup;
			children = (
				CD7870E1235B354500338FD1 /* Main.storyboard */,
				CD7870F1235B393500338FD1 /* Stats.storyboard */,
				CDF1003F235B3CD300FC54C0 /* Map.storyboard */,
				CD7870F3235B393B00338FD1 /* Progress.storyboard */,
				CD7870E6235B354600338FD1 /* LaunchScreen.storyboard */,
			);
			path = Storyboards;
			sourceTree = "<group>";
		};
/* End PBXGroup section */

/* Begin PBXNativeTarget section */
		CD7870D7235B354500338FD1 /* SeaHerd */ = {
			isa = PBXNativeTarget;
			buildConfigurationList = CD7870EC235B354600338FD1 /* Build configuration list for PBXNativeTarget "SeaHerd" */;
			buildPhases = (
				CD7870D4235B354500338FD1 /* Sources */,
				CD7870D5235B354500338FD1 /* Frameworks */,
				CD7870D6235B354500338FD1 /* Resources */,
			);
			buildRules = (
			);
			dependencies = (
			);
			name = SeaHerd;
			productName = SeaHerd;
			productReference = CD7870D8235B354500338FD1 /* SeaHerd.app */;
			productType = "com.apple.product-type.application";
		};
/* End PBXNativeTarget section */

/* Begin PBXProject section */
		CD7870D0235B354500338FD1 /* Project object */ = {
			isa = PBXProject;
			attributes = {
				LastSwiftUpdateCheck = 1110;
				LastUpgradeCheck = 1110;
				ORGANIZATIONNAME = spaceapp;
				TargetAttributes = {
					CD7870D7235B354500338FD1 = {
						CreatedOnToolsVersion = 11.1;
					};
				};
			};
			buildConfigurationList = CD7870D3235B354500338FD1 /* Build configuration list for PBXProject "SeaHerd" */;
			compatibilityVersion = "Xcode 9.3";
			developmentRegion = en;
			hasScannedForEncodings = 0;
			knownRegions = (
				en,
				Base,
			);
			mainGroup = CD7870CF235B354500338FD1;
			productRefGroup = CD7870D9235B354500338FD1 /* Products */;
			projectDirPath = "";
			projectRoot = "";
			targets = (
				CD7870D7235B354500338FD1 /* SeaHerd */,
			);
		};
/* End PBXProject section */

/* Begin PBXResourcesBuildPhase section */
		CD7870D6235B354500338FD1 /* Resources */ = {
			isa = PBXResourcesBuildPhase;
			buildActionMask = 2147483647;
			files = (
				CD7870E8235B354600338FD1 /* LaunchScreen.storyboard in Resources */,
				CD7870E5235B354600338FD1 /* Assets.xcassets in Resources */,
				CD7870F2235B393500338FD1 /* Stats.storyboard in Resources */,
				CD7870F4235B393B00338FD1 /* Progress.storyboard in Resources */,
				CD7870E3235B354500338FD1 /* Main.storyboard in Resources */,
				CDF10040235B3CD300FC54C0 /* Map.storyboard in Resources */,
			);
			runOnlyForDeploymentPostprocessing = 0;
		};
/* End PBXResourcesBuildPhase section */

/* Begin PBXSourcesBuildPhase section */
		CD7870D4235B354500338FD1 /* Sources */ = {
			isa = PBXSourcesBuildPhase;
			buildActionMask = 2147483647;
			files = (
				CDF10047235B4F8300FC54C0 /* Utils.swift in Sources */,
				CD7870E0235B354500338FD1 /* ViewController.swift in Sources */,
				CD7870DC235B354500338FD1 /* AppDelegate.swift in Sources */,
				9E5DDDD6235B4EEE002E4310 /* OnboardingViewController.swift in Sources */,
				CD7870DE235B354500338FD1 /* SceneDelegate.swift in Sources */,
				CDF10044235B3FBF00FC54C0 /* MapViewController.swift in Sources */,
			);
			runOnlyForDeploymentPostprocessing = 0;
		};
/* End PBXSourcesBuildPhase section */

/* Begin PBXVariantGroup section */
		CD7870E1235B354500338FD1 /* Main.storyboard */ = {
			isa = PBXVariantGroup;
			children = (
				CD7870E2235B354500338FD1 /* Base */,
			);
			name = Main.storyboard;
			sourceTree = "<group>";
		};
		CD7870E6235B354600338FD1 /* LaunchScreen.storyboard */ = {
			isa = PBXVariantGroup;
			children = (
				CD7870E7235B354600338FD1 /* Base */,
			);
			name = LaunchScreen.storyboard;
			sourceTree = "<group>";
		};
/* End PBXVariantGroup section */

/* Begin XCBuildConfiguration section */
		CD7870EA235B354600338FD1 /* Debug */ = {
			isa = XCBuildConfiguration;
			buildSettings = {
				ALWAYS_SEARCH_USER_PATHS = NO;
				CLANG_ANALYZER_NONNULL = YES;
				CLANG_ANALYZER_NUMBER_OBJECT_CONVERSION = YES_AGGRESSIVE;
				CLANG_CXX_LANGUAGE_STANDARD = "gnu++14";
				CLANG_CXX_LIBRARY = "libc++";
				CLANG_ENABLE_MODULES = YES;
				CLANG_ENABLE_OBJC_ARC = YES;
				CLANG_ENABLE_OBJC_WEAK = YES;
				CLANG_WARN_BLOCK_CAPTURE_AUTORELEASING = YES;
				CLANG_WARN_BOOL_CONVERSION = YES;
				CLANG_WARN_COMMA = YES;
				CLANG_WARN_CONSTANT_CONVERSION = YES;
				CLANG_WARN_DEPRECATED_OBJC_IMPLEMENTATIONS = YES;
				CLANG_WARN_DIRECT_OBJC_ISA_USAGE = YES_ERROR;
				CLANG_WARN_DOCUMENTATION_COMMENTS = YES;
				CLANG_WARN_EMPTY_BODY = YES;
				CLANG_WARN_ENUM_CONVERSION = YES;
				CLANG_WARN_INFINITE_RECURSION = YES;
				CLANG_WARN_INT_CONVERSION = YES;
				CLANG_WARN_NON_LITERAL_NULL_CONVERSION = YES;
				CLANG_WARN_OBJC_IMPLICIT_RETAIN_SELF = YES;
				CLANG_WARN_OBJC_LITERAL_CONVERSION = YES;
				CLANG_WARN_OBJC_ROOT_CLASS = YES_ERROR;
				CLANG_WARN_RANGE_LOOP_ANALYSIS = YES;
				CLANG_WARN_STRICT_PROTOTYPES = YES;
				CLANG_WARN_SUSPICIOUS_MOVE = YES;
				CLANG_WARN_UNGUARDED_AVAILABILITY = YES_AGGRESSIVE;
				CLANG_WARN_UNREACHABLE_CODE = YES;
				CLANG_WARN__DUPLICATE_METHOD_MATCH = YES;
				COPY_PHASE_STRIP = NO;
				DEBUG_INFORMATION_FORMAT = dwarf;
				ENABLE_STRICT_OBJC_MSGSEND = YES;
				ENABLE_TESTABILITY = YES;
				GCC_C_LANGUAGE_STANDARD = gnu11;
				GCC_DYNAMIC_NO_PIC = NO;
				GCC_NO_COMMON_BLOCKS = YES;
				GCC_OPTIMIZATION_LEVEL = 0;
				GCC_PREPROCESSOR_DEFINITIONS = (
					"DEBUG=1",
					"$(inherited)",
				);
				GCC_WARN_64_TO_32_BIT_CONVERSION = YES;
				GCC_WARN_ABOUT_RETURN_TYPE = YES_ERROR;
				GCC_WARN_UNDECLARED_SELECTOR = YES;
				GCC_WARN_UNINITIALIZED_AUTOS = YES_AGGRESSIVE;
				GCC_WARN_UNUSED_FUNCTION = YES;
				GCC_WARN_UNUSED_VARIABLE = YES;
				IPHONEOS_DEPLOYMENT_TARGET = 13.1;
				MTL_ENABLE_DEBUG_INFO = INCLUDE_SOURCE;
				MTL_FAST_MATH = YES;
				ONLY_ACTIVE_ARCH = YES;
				SDKROOT = iphoneos;
				SWIFT_ACTIVE_COMPILATION_CONDITIONS = DEBUG;
				SWIFT_OPTIMIZATION_LEVEL = "-Onone";
			};
			name = Debug;
		};
		CD7870EB235B354600338FD1 /* Release */ = {
			isa = XCBuildConfiguration;
			buildSettings = {
				ALWAYS_SEARCH_USER_PATHS = NO;
				CLANG_ANALYZER_NONNULL = YES;
				CLANG_ANALYZER_NUMBER_OBJECT_CONVERSION = YES_AGGRESSIVE;
				CLANG_CXX_LANGUAGE_STANDARD = "gnu++14";
				CLANG_CXX_LIBRARY = "libc++";
				CLANG_ENABLE_MODULES = YES;
				CLANG_ENABLE_OBJC_ARC = YES;
				CLANG_ENABLE_OBJC_WEAK = YES;
				CLANG_WARN_BLOCK_CAPTURE_AUTORELEASING = YES;
				CLANG_WARN_BOOL_CONVERSION = YES;
				CLANG_WARN_COMMA = YES;
				CLANG_WARN_CONSTANT_CONVERSION = YES;
				CLANG_WARN_DEPRECATED_OBJC_IMPLEMENTATIONS = YES;
				CLANG_WARN_DIRECT_OBJC_ISA_USAGE = YES_ERROR;
				CLANG_WARN_DOCUMENTATION_COMMENTS = YES;
				CLANG_WARN_EMPTY_BODY = YES;
				CLANG_WARN_ENUM_CONVERSION = YES;
				CLANG_WARN_INFINITE_RECURSION = YES;
				CLANG_WARN_INT_CONVERSION = YES;
				CLANG_WARN_NON_LITERAL_NULL_CONVERSION = YES;
				CLANG_WARN_OBJC_IMPLICIT_RETAIN_SELF = YES;
				CLANG_WARN_OBJC_LITERAL_CONVERSION = YES;
				CLANG_WARN_OBJC_ROOT_CLASS = YES_ERROR;
				CLANG_WARN_RANGE_LOOP_ANALYSIS = YES;
				CLANG_WARN_STRICT_PROTOTYPES = YES;
				CLANG_WARN_SUSPICIOUS_MOVE = YES;
				CLANG_WARN_UNGUARDED_AVAILABILITY = YES_AGGRESSIVE;
				CLANG_WARN_UNREACHABLE_CODE = YES;
				CLANG_WARN__DUPLICATE_METHOD_MATCH = YES;
				COPY_PHASE_STRIP = NO;
				DEBUG_INFORMATION_FORMAT = "dwarf-with-dsym";
				ENABLE_NS_ASSERTIONS = NO;
				ENABLE_STRICT_OBJC_MSGSEND = YES;
				GCC_C_LANGUAGE_STANDARD = gnu11;
				GCC_NO_COMMON_BLOCKS = YES;
				GCC_WARN_64_TO_32_BIT_CONVERSION = YES;
				GCC_WARN_ABOUT_RETURN_TYPE = YES_ERROR;
				GCC_WARN_UNDECLARED_SELECTOR = YES;
				GCC_WARN_UNINITIALIZED_AUTOS = YES_AGGRESSIVE;
				GCC_WARN_UNUSED_FUNCTION = YES;
				GCC_WARN_UNUSED_VARIABLE = YES;
				IPHONEOS_DEPLOYMENT_TARGET = 13.1;
				MTL_ENABLE_DEBUG_INFO = NO;
				MTL_FAST_MATH = YES;
				SDKROOT = iphoneos;
				SWIFT_COMPILATION_MODE = wholemodule;
				SWIFT_OPTIMIZATION_LEVEL = "-O";
				VALIDATE_PRODUCT = YES;
			};
			name = Release;
		};
		CD7870ED235B354600338FD1 /* Debug */ = {
			isa = XCBuildConfiguration;
			buildSettings = {
				ASSETCATALOG_COMPILER_APPICON_NAME = AppIcon;
				CODE_SIGN_STYLE = Automatic;
				DEVELOPMENT_TEAM = 67G6A4RGX3;
				INFOPLIST_FILE = SeaHerd/Info.plist;
				LD_RUNPATH_SEARCH_PATHS = (
					"$(inherited)",
					"@executable_path/Frameworks",
				);
				PRODUCT_BUNDLE_IDENTIFIER = it.spaceapp.SeaHerd;
				PRODUCT_NAME = "$(TARGET_NAME)";
				SWIFT_VERSION = 5.0;
				TARGETED_DEVICE_FAMILY = "1,2";
			};
			name = Debug;
		};
		CD7870EE235B354600338FD1 /* Release */ = {
			isa = XCBuildConfiguration;
			buildSettings = {
				ASSETCATALOG_COMPILER_APPICON_NAME = AppIcon;
				CODE_SIGN_STYLE = Automatic;
				DEVELOPMENT_TEAM = 67G6A4RGX3;
				INFOPLIST_FILE = SeaHerd/Info.plist;
				LD_RUNPATH_SEARCH_PATHS = (
					"$(inherited)",
					"@executable_path/Frameworks",
				);
				PRODUCT_BUNDLE_IDENTIFIER = it.spaceapp.SeaHerd;
				PRODUCT_NAME = "$(TARGET_NAME)";
				SWIFT_VERSION = 5.0;
				TARGETED_DEVICE_FAMILY = "1,2";
			};
			name = Release;
		};
/* End XCBuildConfiguration section */

/* Begin XCConfigurationList section */
		CD7870D3235B354500338FD1 /* Build configuration list for PBXProject "SeaHerd" */ = {
			isa = XCConfigurationList;
			buildConfigurations = (
				CD7870EA235B354600338FD1 /* Debug */,
				CD7870EB235B354600338FD1 /* Release */,
			);
			defaultConfigurationIsVisible = 0;
			defaultConfigurationName = Release;
		};
		CD7870EC235B354600338FD1 /* Build configuration list for PBXNativeTarget "SeaHerd" */ = {
			isa = XCConfigurationList;
			buildConfigurations = (
				CD7870ED235B354600338FD1 /* Debug */,
				CD7870EE235B354600338FD1 /* Release */,
			);
			defaultConfigurationIsVisible = 0;
			defaultConfigurationName = Release;
		};
/* End XCConfigurationList section */
	};
	rootObject = CD7870D0235B354500338FD1 /* Project object */;
}
